
Microsoft Visual Studio Solution File, Format Version 12.00
# Visual Studio Version 17
VisualStudioVersion = 17.2.32630.192
MinimumVisualStudioVersion = 10.0.40219.1
Project("{9A19103F-16F7-4668-BE54-9A1E7A4F7556}") = "strength-repository.API", "strength-repository.API\strength-repository.API.csproj", "{0795D706-EB84-4194-BD93-04BF25FE4B1D}"
EndProject
Project("{54A90642-561A-4BB1-A94E-469ADEE60C69}") = "strength-repository.web", "strength-repository.WEB\strength-repository.web.esproj", "{3D96F625-24D0-4814-B9E7-3F2F3279D8AA}"
EndProject
Project("{00D1A9C2-B5F0-4AF3-8072-F6C62B433612}") = "strength-repository.Database", "strength-repository.Database\strength-repository.Database.sqlproj", "{E89BAD5B-452D-4CD7-B34D-B4B100A980B7}"
EndProject
Global
	GlobalSection(SolutionConfigurationPlatforms) = preSolution
		Debug|Any CPU = Debug|Any CPU
		Release|Any CPU = Release|Any CPU
	EndGlobalSection
	GlobalSection(ProjectConfigurationPlatforms) = postSolution
		{0795D706-EB84-4194-BD93-04BF25FE4B1D}.Debug|Any CPU.ActiveCfg = Debug|Any CPU
		{0795D706-EB84-4194-BD93-04BF25FE4B1D}.Debug|Any CPU.Build.0 = Debug|Any CPU
		{0795D706-EB84-4194-BD93-04BF25FE4B1D}.Release|Any CPU.ActiveCfg = Release|Any CPU
		{0795D706-EB84-4194-BD93-04BF25FE4B1D}.Release|Any CPU.Build.0 = Release|Any CPU
		{3D96F625-24D0-4814-B9E7-3F2F3279D8AA}.Debug|Any CPU.ActiveCfg = Debug|Any CPU
		{3D96F625-24D0-4814-B9E7-3F2F3279D8AA}.Debug|Any CPU.Build.0 = Debug|Any CPU
		{3D96F625-24D0-4814-B9E7-3F2F3279D8AA}.Debug|Any CPU.Deploy.0 = Debug|Any CPU
		{3D96F625-24D0-4814-B9E7-3F2F3279D8AA}.Release|Any CPU.ActiveCfg = Release|Any CPU
		{3D96F625-24D0-4814-B9E7-3F2F3279D8AA}.Release|Any CPU.Build.0 = Release|Any CPU
		{3D96F625-24D0-4814-B9E7-3F2F3279D8AA}.Release|Any CPU.Deploy.0 = Release|Any CPU
		{E89BAD5B-452D-4CD7-B34D-B4B100A980B7}.Debug|Any CPU.ActiveCfg = Debug|Any CPU
		{E89BAD5B-452D-4CD7-B34D-B4B100A980B7}.Debug|Any CPU.Build.0 = Debug|Any CPU
		{E89BAD5B-452D-4CD7-B34D-B4B100A980B7}.Debug|Any CPU.Deploy.0 = Debug|Any CPU
		{E89BAD5B-452D-4CD7-B34D-B4B100A980B7}.Release|Any CPU.ActiveCfg = Release|Any CPU
		{E89BAD5B-452D-4CD7-B34D-B4B100A980B7}.Release|Any CPU.Build.0 = Release|Any CPU
		{E89BAD5B-452D-4CD7-B34D-B4B100A980B7}.Release|Any CPU.Deploy.0 = Release|Any CPU
	EndGlobalSection
	GlobalSection(SolutionProperties) = preSolution
		HideSolutionNode = FALSE
	EndGlobalSection
	GlobalSection(ExtensibilityGlobals) = postSolution
		SolutionGuid = {38887DE0-7B53-4F32-94A6-2C6BE2900ACF}
	EndGlobalSection
EndGlobal
